
Microsoft Visual Studio Solution File, Format Version 12.00
# Visual Studio 15
VisualStudioVersion = 15.0.25807.0
MinimumVisualStudioVersion = 10.0.40219.1
Project("{2150E333-8FDC-42A3-9474-1A3956D46DE8}") = "Engine", "Engine", "{C692D175-95E9-4BD1-BF77-D33555EDDC2D}"
EndProject
Project("{2150E333-8FDC-42A3-9474-1A3956D46DE8}") = "Games", "Games", "{68D6EEF6-AF7A-42E0-A523-7AAD5BA6224C}"
EndProject
Project("{8BC9CEB8-8B4A-11D0-8D11-00A0C91BC942}") = "UE4", "Intermediate\ProjectFiles\UE4.vcxproj", "{32DB9C13-0505-463F-B144-7BAB7E715352}"
EndProject
Project("{8BC9CEB8-8B4A-11D0-8D11-00A0C91BC942}") = "Puzzle", "Intermediate\ProjectFiles\Puzzle.vcxproj", "{2861F836-0263-45FA-AFB1-27C4837A24B0}"
EndProject
Global
	GlobalSection(SolutionConfigurationPlatforms) = preSolution
		DebugGame Editor|HTML5 = DebugGame Editor|HTML5
		DebugGame Editor|Win32 = DebugGame Editor|Win32
		DebugGame Editor|Win64 = DebugGame Editor|Win64
		DebugGame|HTML5 = DebugGame|HTML5
		DebugGame|Win32 = DebugGame|Win32
		DebugGame|Win64 = DebugGame|Win64
		Development Editor|HTML5 = Development Editor|HTML5
		Development Editor|Win32 = Development Editor|Win32
		Development Editor|Win64 = Development Editor|Win64
		Development|HTML5 = Development|HTML5
		Development|Win32 = Development|Win32
		Development|Win64 = Development|Win64
		Shipping|HTML5 = Shipping|HTML5
		Shipping|Win32 = Shipping|Win32
		Shipping|Win64 = Shipping|Win64
	EndGlobalSection
	GlobalSection(ProjectConfigurationPlatforms) = postSolution
		{32DB9C13-0505-463F-B144-7BAB7E715352}.DebugGame Editor|HTML5.ActiveCfg = BuiltWithUnrealBuildTool|Win32
		{32DB9C13-0505-463F-B144-7BAB7E715352}.DebugGame Editor|HTML5.Build.0 = BuiltWithUnrealBuildTool|Win32
		{32DB9C13-0505-463F-B144-7BAB7E715352}.DebugGame Editor|Win32.ActiveCfg = BuiltWithUnrealBuildTool|Win32
		{32DB9C13-0505-463F-B144-7BAB7E715352}.DebugGame Editor|Win32.Build.0 = BuiltWithUnrealBuildTool|Win32
		{32DB9C13-0505-463F-B144-7BAB7E715352}.DebugGame Editor|Win64.ActiveCfg = BuiltWithUnrealBuildTool|Win32
		{32DB9C13-0505-463F-B144-7BAB7E715352}.DebugGame Editor|Win64.Build.0 = BuiltWithUnrealBuildTool|Win32
		{32DB9C13-0505-463F-B144-7BAB7E715352}.DebugGame|HTML5.ActiveCfg = BuiltWithUnrealBuildTool|Win32
		{32DB9C13-0505-463F-B144-7BAB7E715352}.DebugGame|HTML5.Build.0 = BuiltWithUnrealBuildTool|Win32
		{32DB9C13-0505-463F-B144-7BAB7E715352}.DebugGame|Win32.ActiveCfg = BuiltWithUnrealBuildTool|Win32
		{32DB9C13-0505-463F-B144-7BAB7E715352}.DebugGame|Win32.Build.0 = BuiltWithUnrealBuildTool|Win32
		{32DB9C13-0505-463F-B144-7BAB7E715352}.DebugGame|Win64.ActiveCfg = BuiltWithUnrealBuildTool|Win32
		{32DB9C13-0505-463F-B144-7BAB7E715352}.DebugGame|Win64.Build.0 = BuiltWithUnrealBuildTool|Win32
		{32DB9C13-0505-463F-B144-7BAB7E715352}.Development Editor|HTML5.ActiveCfg = BuiltWithUnrealBuildTool|Win32
		{32DB9C13-0505-463F-B144-7BAB7E715352}.Development Editor|HTML5.Build.0 = BuiltWithUnrealBuildTool|Win32
		{32DB9C13-0505-463F-B144-7BAB7E715352}.Development Editor|Win32.ActiveCfg = BuiltWithUnrealBuildTool|Win32
		{32DB9C13-0505-463F-B144-7BAB7E715352}.Development Editor|Win32.Build.0 = BuiltWithUnrealBuildTool|Win32
		{32DB9C13-0505-463F-B144-7BAB7E715352}.Development Editor|Win64.ActiveCfg = BuiltWithUnrealBuildTool|Win32
		{32DB9C13-0505-463F-B144-7BAB7E715352}.Development Editor|Win64.Build.0 = BuiltWithUnrealBuildTool|Win32
		{32DB9C13-0505-463F-B144-7BAB7E715352}.Development|HTML5.ActiveCfg = BuiltWithUnrealBuildTool|Win32
		{32DB9C13-0505-463F-B144-7BAB7E715352}.Development|HTML5.Build.0 = BuiltWithUnrealBuildTool|Win32
		{32DB9C13-0505-463F-B144-7BAB7E715352}.Development|Win32.ActiveCfg = BuiltWithUnrealBuildTool|Win32
		{32DB9C13-0505-463F-B144-7BAB7E715352}.Development|Win32.Build.0 = BuiltWithUnrealBuildTool|Win32
		{32DB9C13-0505-463F-B144-7BAB7E715352}.Development|Win64.ActiveCfg = BuiltWithUnrealBuildTool|Win32
		{32DB9C13-0505-463F-B144-7BAB7E715352}.Development|Win64.Build.0 = BuiltWithUnrealBuildTool|Win32
		{32DB9C13-0505-463F-B144-7BAB7E715352}.Shipping|HTML5.ActiveCfg = BuiltWithUnrealBuildTool|Win32
		{32DB9C13-0505-463F-B144-7BAB7E715352}.Shipping|HTML5.Build.0 = BuiltWithUnrealBuildTool|Win32
		{32DB9C13-0505-463F-B144-7BAB7E715352}.Shipping|Win32.ActiveCfg = BuiltWithUnrealBuildTool|Win32
		{32DB9C13-0505-463F-B144-7BAB7E715352}.Shipping|Win32.Build.0 = BuiltWithUnrealBuildTool|Win32
		{32DB9C13-0505-463F-B144-7BAB7E715352}.Shipping|Win64.ActiveCfg = BuiltWithUnrealBuildTool|Win32
		{32DB9C13-0505-463F-B144-7BAB7E715352}.Shipping|Win64.Build.0 = BuiltWithUnrealBuildTool|Win32
		{2861F836-0263-45FA-AFB1-27C4837A24B0}.DebugGame Editor|HTML5.ActiveCfg = HTML5_DebugGame_Editor|Win32
		{2861F836-0263-45FA-AFB1-27C4837A24B0}.DebugGame Editor|Win32.ActiveCfg = DebugGame_Editor|Win32
		{2861F836-0263-45FA-AFB1-27C4837A24B0}.DebugGame Editor|Win64.ActiveCfg = DebugGame_Editor|x64
		{2861F836-0263-45FA-AFB1-27C4837A24B0}.DebugGame Editor|Win64.Build.0 = DebugGame_Editor|x64
		{2861F836-0263-45FA-AFB1-27C4837A24B0}.DebugGame|HTML5.ActiveCfg = HTML5_DebugGame_Game|Win32
		{2861F836-0263-45FA-AFB1-27C4837A24B0}.DebugGame|HTML5.Build.0 = HTML5_DebugGame_Game|Win32
		{2861F836-0263-45FA-AFB1-27C4837A24B0}.DebugGame|Win32.ActiveCfg = DebugGame_Game|Win32
		{2861F836-0263-45FA-AFB1-27C4837A24B0}.DebugGame|Win32.Build.0 = DebugGame_Game|Win32
		{2861F836-0263-45FA-AFB1-27C4837A24B0}.DebugGame|Win64.ActiveCfg = DebugGame_Game|x64
		{2861F836-0263-45FA-AFB1-27C4837A24B0}.DebugGame|Win64.Build.0 = DebugGame_Game|x64
		{2861F836-0263-45FA-AFB1-27C4837A24B0}.Development Editor|HTML5.ActiveCfg = HTML5_Development_Editor|Win32
		{2861F836-0263-45FA-AFB1-27C4837A24B0}.Development Editor|Win32.ActiveCfg = Development_Editor|Win32
		{2861F836-0263-45FA-AFB1-27C4837A24B0}.Development Editor|Win64.ActiveCfg = Development_Editor|x64
		{2861F836-0263-45FA-AFB1-27C4837A24B0}.Development Editor|Win64.Build.0 = Development_Editor|x64
		{2861F836-0263-45FA-AFB1-27C4837A24B0}.Development|HTML5.ActiveCfg = HTML5_Development_Game|Win32
		{2861F836-0263-45FA-AFB1-27C4837A24B0}.Development|HTML5.Build.0 = HTML5_Development_Game|Win32
		{2861F836-0263-45FA-AFB1-27C4837A24B0}.Development|Win32.ActiveCfg = Development_Game|Win32
		{2861F836-0263-45FA-AFB1-27C4837A24B0}.Development|Win32.Build.0 = Development_Game|Win32
		{2861F836-0263-45FA-AFB1-27C4837A24B0}.Development|Win64.ActiveCfg = Development_Game|x64
		{2861F836-0263-45FA-AFB1-27C4837A24B0}.Development|Win64.Build.0 = Development_Game|x64
		{2861F836-0263-45FA-AFB1-27C4837A24B0}.Shipping|HTML5.ActiveCfg = HTML5_Shipping_Game|Win32
		{2861F836-0263-45FA-AFB1-27C4837A24B0}.Shipping|HTML5.Build.0 = HTML5_Shipping_Game|Win32
		{2861F836-0263-45FA-AFB1-27C4837A24B0}.Shipping|Win32.ActiveCfg = Shipping_Game|Win32
		{2861F836-0263-45FA-AFB1-27C4837A24B0}.Shipping|Win32.Build.0 = Shipping_Game|Win32
		{2861F836-0263-45FA-AFB1-27C4837A24B0}.Shipping|Win64.ActiveCfg = Shipping_Game|x64
		{2861F836-0263-45FA-AFB1-27C4837A24B0}.Shipping|Win64.Build.0 = Shipping_Game|x64
	EndGlobalSection
	GlobalSection(SolutionProperties) = preSolution
		HideSolutionNode = FALSE
	EndGlobalSection
	GlobalSection(NestedProjects) = preSolution
		{32DB9C13-0505-463F-B144-7BAB7E715352} = {C692D175-95E9-4BD1-BF77-D33555EDDC2D}
		{2861F836-0263-45FA-AFB1-27C4837A24B0} = {68D6EEF6-AF7A-42E0-A523-7AAD5BA6224C}
	EndGlobalSection
	GlobalSection(ExtensibilityGlobals) = postSolution
		SolutionGuid = {89C2C976-C281-4A4A-AAE4-A841056C008D}
	EndGlobalSection
EndGlobal
